// !$*UTF8*$!
{
	archiveVersion = 1;
	classes = {
	};
	objectVersion = 46;
	objects = {

/* Begin PBXBuildFile section */
		2715F0AD187F0E800068BDC0 /* Foundation.framework in Frameworks */ = {isa = PBXBuildFile; fileRef = 2715F0AC187F0E800068BDC0 /* Foundation.framework */; };
		2715F0AF187F0E800068BDC0 /* CoreGraphics.framework in Frameworks */ = {isa = PBXBuildFile; fileRef = 2715F0AE187F0E800068BDC0 /* CoreGraphics.framework */; };
		2715F0B1187F0E800068BDC0 /* UIKit.framework in Frameworks */ = {isa = PBXBuildFile; fileRef = 2715F0B0187F0E800068BDC0 /* UIKit.framework */; };
		2715F0B7187F0E800068BDC0 /* InfoPlist.strings in Resources */ = {isa = PBXBuildFile; fileRef = 2715F0B5187F0E800068BDC0 /* InfoPlist.strings */; };
		2715F0B9187F0E800068BDC0 /* main.m in Sources */ = {isa = PBXBuildFile; fileRef = 2715F0B8187F0E800068BDC0 /* main.m */; };
		2715F0BD187F0E800068BDC0 /* BEAppDelegate.m in Sources */ = {isa = PBXBuildFile; fileRef = 2715F0BC187F0E800068BDC0 /* BEAppDelegate.m */; };
		2715F0C0187F0E800068BDC0 /* Main.storyboard in Resources */ = {isa = PBXBuildFile; fileRef = 2715F0BE187F0E800068BDC0 /* Main.storyboard */; };
		2715F0C3187F0E800068BDC0 /* BEViewController.m in Sources */ = {isa = PBXBuildFile; fileRef = 2715F0C2187F0E800068BDC0 /* BEViewController.m */; };
		2715F0C5187F0E800068BDC0 /* Images.xcassets in Resources */ = {isa = PBXBuildFile; fileRef = 2715F0C4187F0E800068BDC0 /* Images.xcassets */; };
		2715F0CC187F0E800068BDC0 /* XCTest.framework in Frameworks */ = {isa = PBXBuildFile; fileRef = 2715F0CB187F0E800068BDC0 /* XCTest.framework */; };
		2715F0CD187F0E800068BDC0 /* Foundation.framework in Frameworks */ = {isa = PBXBuildFile; fileRef = 2715F0AC187F0E800068BDC0 /* Foundation.framework */; };
		2715F0CE187F0E800068BDC0 /* UIKit.framework in Frameworks */ = {isa = PBXBuildFile; fileRef = 2715F0B0187F0E800068BDC0 /* UIKit.framework */; };
		2715F0D6187F0E800068BDC0 /* InfoPlist.strings in Resources */ = {isa = PBXBuildFile; fileRef = 2715F0D4187F0E800068BDC0 /* InfoPlist.strings */; };
		2715F0D8187F0E800068BDC0 /* UIDevice_BlurEnabledTests.m in Sources */ = {isa = PBXBuildFile; fileRef = 2715F0D7187F0E800068BDC0 /* UIDevice_BlurEnabledTests.m */; };
		2715F0E4187F0EEA0068BDC0 /* UIDevice+BlurEnabled.m in Sources */ = {isa = PBXBuildFile; fileRef = 2715F0E3187F0EEA0068BDC0 /* UIDevice+BlurEnabled.m */; };
		2715F0E7187F0F060068BDC0 /* BESupport.m in Sources */ = {isa = PBXBuildFile; fileRef = 2715F0E6187F0F060068BDC0 /* BESupport.m */; };
		2715F0EA187F1B4B0068BDC0 /* BEColor.m in Sources */ = {isa = PBXBuildFile; fileRef = 2715F0E9187F1B4B0068BDC0 /* BEColor.m */; };
		39A40A26D62640BD8AF26A7A /* libPods.a in Frameworks */ = {isa = PBXBuildFile; fileRef = F50768E5EA0F4A559F387596 /* libPods.a */; };
/* End PBXBuildFile section */

/* Begin PBXContainerItemProxy section */
		2715F0CF187F0E800068BDC0 /* PBXContainerItemProxy */ = {
			isa = PBXContainerItemProxy;
			containerPortal = 2715F0A1187F0E800068BDC0 /* Project object */;
			proxyType = 1;
			remoteGlobalIDString = 2715F0A8187F0E800068BDC0;
			remoteInfo = "UIDevice-BlurEnabled";
		};
/* End PBXContainerItemProxy section */

/* Begin PBXFileReference section */
		2715F0A9187F0E800068BDC0 /* UIDevice-BlurEnabled.app */ = {isa = PBXFileReference; explicitFileType = wrapper.application; includeInIndex = 0; path = "UIDevice-BlurEnabled.app"; sourceTree = BUILT_PRODUCTS_DIR; };
		2715F0AC187F0E800068BDC0 /* Foundation.framework */ = {isa = PBXFileReference; lastKnownFileType = wrapper.framework; name = Foundation.framework; path = System/Library/Frameworks/Foundation.framework; sourceTree = SDKROOT; };
		2715F0AE187F0E800068BDC0 /* CoreGraphics.framework */ = {isa = PBXFileReference; lastKnownFileType = wrapper.framework; name = CoreGraphics.framework; path = System/Library/Frameworks/CoreGraphics.framework; sourceTree = SDKROOT; };
		2715F0B0187F0E800068BDC0 /* UIKit.framework */ = {isa = PBXFileReference; lastKnownFileType = wrapper.framework; name = UIKit.framework; path = System/Library/Frameworks/UIKit.framework; sourceTree = SDKROOT; };
		2715F0B4187F0E800068BDC0 /* UIDevice-BlurEnabled-Info.plist */ = {isa = PBXFileReference; lastKnownFileType = text.plist.xml; path = "UIDevice-BlurEnabled-Info.plist"; sourceTree = "<group>"; };
		2715F0B6187F0E800068BDC0 /* en */ = {isa = PBXFileReference; lastKnownFileType = text.plist.strings; name = en; path = en.lproj/InfoPlist.strings; sourceTree = "<group>"; };
		2715F0B8187F0E800068BDC0 /* main.m */ = {isa = PBXFileReference; lastKnownFileType = sourcecode.c.objc; path = main.m; sourceTree = "<group>"; };
		2715F0BA187F0E800068BDC0 /* UIDevice-BlurEnabled-Prefix.pch */ = {isa = PBXFileReference; lastKnownFileType = sourcecode.c.h; path = "UIDevice-BlurEnabled-Prefix.pch"; sourceTree = "<group>"; };
		2715F0BB187F0E800068BDC0 /* BEAppDelegate.h */ = {isa = PBXFileReference; lastKnownFileType = sourcecode.c.h; path = BEAppDelegate.h; sourceTree = "<group>"; };
		2715F0BC187F0E800068BDC0 /* BEAppDelegate.m */ = {isa = PBXFileReference; lastKnownFileType = sourcecode.c.objc; path = BEAppDelegate.m; sourceTree = "<group>"; };
		2715F0BF187F0E800068BDC0 /* Base */ = {isa = PBXFileReference; lastKnownFileType = file.storyboard; name = Base; path = Base.lproj/Main.storyboard; sourceTree = "<group>"; };
		2715F0C1187F0E800068BDC0 /* BEViewController.h */ = {isa = PBXFileReference; lastKnownFileType = sourcecode.c.h; path = BEViewController.h; sourceTree = "<group>"; };
		2715F0C2187F0E800068BDC0 /* BEViewController.m */ = {isa = PBXFileReference; lastKnownFileType = sourcecode.c.objc; path = BEViewController.m; sourceTree = "<group>"; };
		2715F0C4187F0E800068BDC0 /* Images.xcassets */ = {isa = PBXFileReference; lastKnownFileType = folder.assetcatalog; path = Images.xcassets; sourceTree = "<group>"; };
		2715F0CA187F0E800068BDC0 /* UIDevice-BlurEnabledTests.xctest */ = {isa = PBXFileReference; explicitFileType = wrapper.cfbundle; includeInIndex = 0; path = "UIDevice-BlurEnabledTests.xctest"; sourceTree = BUILT_PRODUCTS_DIR; };
		2715F0CB187F0E800068BDC0 /* XCTest.framework */ = {isa = PBXFileReference; lastKnownFileType = wrapper.framework; name = XCTest.framework; path = Library/Frameworks/XCTest.framework; sourceTree = DEVELOPER_DIR; };
		2715F0D3187F0E800068BDC0 /* UIDevice-BlurEnabledTests-Info.plist */ = {isa = PBXFileReference; lastKnownFileType = text.plist.xml; path = "UIDevice-BlurEnabledTests-Info.plist"; sourceTree = "<group>"; };
		2715F0D5187F0E800068BDC0 /* en */ = {isa = PBXFileReference; lastKnownFileType = text.plist.strings; name = en; path = en.lproj/InfoPlist.strings; sourceTree = "<group>"; };
		2715F0D7187F0E800068BDC0 /* UIDevice_BlurEnabledTests.m */ = {isa = PBXFileReference; lastKnownFileType = sourcecode.c.objc; path = UIDevice_BlurEnabledTests.m; sourceTree = "<group>"; };
		2715F0E2187F0EEA0068BDC0 /* UIDevice+BlurEnabled.h */ = {isa = PBXFileReference; fileEncoding = 4; lastKnownFileType = sourcecode.c.h; path = "UIDevice+BlurEnabled.h"; sourceTree = "<group>"; };
		2715F0E3187F0EEA0068BDC0 /* UIDevice+BlurEnabled.m */ = {isa = PBXFileReference; fileEncoding = 4; lastKnownFileType = sourcecode.c.objc; path = "UIDevice+BlurEnabled.m"; sourceTree = "<group>"; };
		2715F0E5187F0F060068BDC0 /* BESupport.h */ = {isa = PBXFileReference; fileEncoding = 4; lastKnownFileType = sourcecode.c.h; path = BESupport.h; sourceTree = "<group>"; };
		2715F0E6187F0F060068BDC0 /* BESupport.m */ = {isa = PBXFileReference; fileEncoding = 4; lastKnownFileType = sourcecode.c.objc; path = BESupport.m; sourceTree = "<group>"; };
		2715F0E8187F1B4B0068BDC0 /* BEColor.h */ = {isa = PBXFileReference; fileEncoding = 4; lastKnownFileType = sourcecode.c.h; path = BEColor.h; sourceTree = "<group>"; };
		2715F0E9187F1B4B0068BDC0 /* BEColor.m */ = {isa = PBXFileReference; fileEncoding = 4; lastKnownFileType = sourcecode.c.objc; path = BEColor.m; sourceTree = "<group>"; };
		7003B90AA2074E6FB6C91720 /* Pods.xcconfig */ = {isa = PBXFileReference; includeInIndex = 1; lastKnownFileType = text.xcconfig; name = Pods.xcconfig; path = Pods/Pods.xcconfig; sourceTree = "<group>"; };
		F50768E5EA0F4A559F387596 /* libPods.a */ = {isa = PBXFileReference; explicitFileType = archive.ar; includeInIndex = 0; path = libPods.a; sourceTree = BUILT_PRODUCTS_DIR; };
/* End PBXFileReference section */

/* Begin PBXFrameworksBuildPhase section */
		2715F0A6187F0E800068BDC0 /* Frameworks */ = {
			isa = PBXFrameworksBuildPhase;
			buildActionMask = 2147483647;
			files = (
				2715F0AF187F0E800068BDC0 /* CoreGraphics.framework in Frameworks */,
				2715F0B1187F0E800068BDC0 /* UIKit.framework in Frameworks */,
				2715F0AD187F0E800068BDC0 /* Foundation.framework in Frameworks */,
				39A40A26D62640BD8AF26A7A /* libPods.a in Frameworks */,
			);
			runOnlyForDeploymentPostprocessing = 0;
		};
		2715F0C7187F0E800068BDC0 /* Frameworks */ = {
			isa = PBXFrameworksBuildPhase;
			buildActionMask = 2147483647;
			files = (
				2715F0CC187F0E800068BDC0 /* XCTest.framework in Frameworks */,
				2715F0CE187F0E800068BDC0 /* UIKit.framework in Frameworks */,
				2715F0CD187F0E800068BDC0 /* Foundation.framework in Frameworks */,
			);
			runOnlyForDeploymentPostprocessing = 0;
		};
/* End PBXFrameworksBuildPhase section */

/* Begin PBXGroup section */
		2715F0A0187F0E800068BDC0 = {
			isa = PBXGroup;
			children = (
				2715F0E1187F0ED20068BDC0 /* UIDevice+BlurEnabled */,
				2715F0B2187F0E800068BDC0 /* UIDevice-BlurEnabled */,
				2715F0D1187F0E800068BDC0 /* UIDevice-BlurEnabledTests */,
				2715F0AB187F0E800068BDC0 /* Frameworks */,
				2715F0AA187F0E800068BDC0 /* Products */,
				7003B90AA2074E6FB6C91720 /* Pods.xcconfig */,
			);
			sourceTree = "<group>";
			usesTabs = 0;
		};
		2715F0AA187F0E800068BDC0 /* Products */ = {
			isa = PBXGroup;
			children = (
				2715F0A9187F0E800068BDC0 /* UIDevice-BlurEnabled.app */,
				2715F0CA187F0E800068BDC0 /* UIDevice-BlurEnabledTests.xctest */,
			);
			name = Products;
			sourceTree = "<group>";
		};
		2715F0AB187F0E800068BDC0 /* Frameworks */ = {
			isa = PBXGroup;
			children = (
				2715F0AC187F0E800068BDC0 /* Foundation.framework */,
				2715F0AE187F0E800068BDC0 /* CoreGraphics.framework */,
				2715F0B0187F0E800068BDC0 /* UIKit.framework */,
				2715F0CB187F0E800068BDC0 /* XCTest.framework */,
				F50768E5EA0F4A559F387596 /* libPods.a */,
			);
			name = Frameworks;
			sourceTree = "<group>";
		};
		2715F0B2187F0E800068BDC0 /* UIDevice-BlurEnabled */ = {
			isa = PBXGroup;
			children = (
				2715F0BB187F0E800068BDC0 /* BEAppDelegate.h */,
				2715F0BC187F0E800068BDC0 /* BEAppDelegate.m */,
				2715F0BE187F0E800068BDC0 /* Main.storyboard */,
				2715F0C1187F0E800068BDC0 /* BEViewController.h */,
				2715F0C2187F0E800068BDC0 /* BEViewController.m */,
				2715F0C4187F0E800068BDC0 /* Images.xcassets */,
				2715F0B3187F0E800068BDC0 /* Supporting Files */,
			);
			path = "UIDevice-BlurEnabled";
			sourceTree = "<group>";
		};
		2715F0B3187F0E800068BDC0 /* Supporting Files */ = {
			isa = PBXGroup;
			children = (
				2715F0B4187F0E800068BDC0 /* UIDevice-BlurEnabled-Info.plist */,
				2715F0B5187F0E800068BDC0 /* InfoPlist.strings */,
				2715F0B8187F0E800068BDC0 /* main.m */,
				2715F0BA187F0E800068BDC0 /* UIDevice-BlurEnabled-Prefix.pch */,
			);
			name = "Supporting Files";
			sourceTree = "<group>";
		};
		2715F0D1187F0E800068BDC0 /* UIDevice-BlurEnabledTests */ = {
			isa = PBXGroup;
			children = (
				2715F0D7187F0E800068BDC0 /* UIDevice_BlurEnabledTests.m */,
				2715F0D2187F0E800068BDC0 /* Supporting Files */,
			);
			path = "UIDevice-BlurEnabledTests";
			sourceTree = "<group>";
		};
		2715F0D2187F0E800068BDC0 /* Supporting Files */ = {
			isa = PBXGroup;
			children = (
				2715F0D3187F0E800068BDC0 /* UIDevice-BlurEnabledTests-Info.plist */,
				2715F0D4187F0E800068BDC0 /* InfoPlist.strings */,
			);
			name = "Supporting Files";
			sourceTree = "<group>";
		};
		2715F0E1187F0ED20068BDC0 /* UIDevice+BlurEnabled */ = {
			isa = PBXGroup;
			children = (
				2715F0E2187F0EEA0068BDC0 /* UIDevice+BlurEnabled.h */,
				2715F0E3187F0EEA0068BDC0 /* UIDevice+BlurEnabled.m */,
				2715F0E8187F1B4B0068BDC0 /* BEColor.h */,
				2715F0E9187F1B4B0068BDC0 /* BEColor.m */,
				2715F0E5187F0F060068BDC0 /* BESupport.h */,
				2715F0E6187F0F060068BDC0 /* BESupport.m */,
			);
			name = "UIDevice+BlurEnabled";
			path = "../UIDevice+BlurEnabled";
			sourceTree = "<group>";
		};
/* End PBXGroup section */

/* Begin PBXNativeTarget section */
		2715F0A8187F0E800068BDC0 /* UIDevice-BlurEnabled */ = {
			isa = PBXNativeTarget;
			buildConfigurationList = 2715F0DB187F0E800068BDC0 /* Build configuration list for PBXNativeTarget "UIDevice-BlurEnabled" */;
			buildPhases = (
				393DB1C1AAB941D7B06CAA59 /* Check Pods Manifest.lock */,
				2715F0A5187F0E800068BDC0 /* Sources */,
				2715F0A6187F0E800068BDC0 /* Frameworks */,
				2715F0A7187F0E800068BDC0 /* Resources */,
				C75A75A9495B47C78F6FF522 /* Copy Pods Resources */,
			);
			buildRules = (
			);
			dependencies = (
			);
			name = "UIDevice-BlurEnabled";
			productName = "UIDevice-BlurEnabled";
			productReference = 2715F0A9187F0E800068BDC0 /* UIDevice-BlurEnabled.app */;
			productType = "com.apple.product-type.application";
		};
		2715F0C9187F0E800068BDC0 /* UIDevice-BlurEnabledTests */ = {
			isa = PBXNativeTarget;
			buildConfigurationList = 2715F0DE187F0E800068BDC0 /* Build configuration list for PBXNativeTarget "UIDevice-BlurEnabledTests" */;
			buildPhases = (
				2715F0C6187F0E800068BDC0 /* Sources */,
				2715F0C7187F0E800068BDC0 /* Frameworks */,
				2715F0C8187F0E800068BDC0 /* Resources */,
			);
			buildRules = (
			);
			dependencies = (
				2715F0D0187F0E800068BDC0 /* PBXTargetDependency */,
			);
			name = "UIDevice-BlurEnabledTests";
			productName = "UIDevice-BlurEnabledTests";
			productReference = 2715F0CA187F0E800068BDC0 /* UIDevice-BlurEnabledTests.xctest */;
			productType = "com.apple.product-type.bundle.unit-test";
		};
/* End PBXNativeTarget section */

/* Begin PBXProject section */
		2715F0A1187F0E800068BDC0 /* Project object */ = {
			isa = PBXProject;
			attributes = {
				CLASSPREFIX = BE;
				LastUpgradeCheck = 0500;
				ORGANIZATIONNAME = "Alexey Aleshkov";
				TargetAttributes = {
					2715F0C9187F0E800068BDC0 = {
						TestTargetID = 2715F0A8187F0E800068BDC0;
					};
				};
			};
			buildConfigurationList = 2715F0A4187F0E800068BDC0 /* Build configuration list for PBXProject "UIDevice-BlurEnabled" */;
			compatibilityVersion = "Xcode 3.2";
			developmentRegion = English;
			hasScannedForEncodings = 0;
			knownRegions = (
				en,
				Base,
			);
			mainGroup = 2715F0A0187F0E800068BDC0;
			productRefGroup = 2715F0AA187F0E800068BDC0 /* Products */;
			projectDirPath = "";
			projectRoot = "";
			targets = (
				2715F0A8187F0E800068BDC0 /* UIDevice-BlurEnabled */,
				2715F0C9187F0E800068BDC0 /* UIDevice-BlurEnabledTests */,
			);
		};
/* End PBXProject section */

/* Begin PBXResourcesBuildPhase section */
		2715F0A7187F0E800068BDC0 /* Resources */ = {
			isa = PBXResourcesBuildPhase;
			buildActionMask = 2147483647;
			files = (
				2715F0C5187F0E800068BDC0 /* Images.xcassets in Resources */,
				2715F0B7187F0E800068BDC0 /* InfoPlist.strings in Resources */,
				2715F0C0187F0E800068BDC0 /* Main.storyboard in Resources */,
			);
			runOnlyForDeploymentPostprocessing = 0;
		};
		2715F0C8187F0E800068BDC0 /* Resources */ = {
			isa = PBXResourcesBuildPhase;
			buildActionMask = 2147483647;
			files = (
				2715F0D6187F0E800068BDC0 /* InfoPlist.strings in Resources */,
			);
			runOnlyForDeploymentPostprocessing = 0;
		};
/* End PBXResourcesBuildPhase section */

/* Begin PBXShellScriptBuildPhase section */
		393DB1C1AAB941D7B06CAA59 /* Check Pods Manifest.lock */ = {
			isa = PBXShellScriptBuildPhase;
			buildActionMask = 2147483647;
			files = (
			);
			inputPaths = (
			);
			name = "Check Pods Manifest.lock";
			outputPaths = (
			);
			runOnlyForDeploymentPostprocessing = 0;
			shellPath = /bin/sh;
			shellScript = "diff \"${PODS_ROOT}/../Podfile.lock\" \"${PODS_ROOT}/Manifest.lock\" > /dev/null\nif [[ $? != 0 ]] ; then\n    cat << EOM\nerror: The sandbox is not in sync with the Podfile.lock. Run 'pod install' or update your CocoaPods installation.\nEOM\n    exit 1\nfi\n";
			showEnvVarsInLog = 0;
		};
		C75A75A9495B47C78F6FF522 /* Copy Pods Resources */ = {
			isa = PBXShellScriptBuildPhase;
			buildActionMask = 2147483647;
			files = (
			);
			inputPaths = (
			);
			name = "Copy Pods Resources";
			outputPaths = (
			);
			runOnlyForDeploymentPostprocessing = 0;
			shellPath = /bin/sh;
			shellScript = "\"${SRCROOT}/Pods/Pods-resources.sh\"\n";
			showEnvVarsInLog = 0;
		};
/* End PBXShellScriptBuildPhase section */

/* Begin PBXSourcesBuildPhase section */
		2715F0A5187F0E800068BDC0 /* Sources */ = {
			isa = PBXSourcesBuildPhase;
			buildActionMask = 2147483647;
			files = (
				2715F0C3187F0E800068BDC0 /* BEViewController.m in Sources */,
				2715F0B9187F0E800068BDC0 /* main.m in Sources */,
				2715F0EA187F1B4B0068BDC0 /* BEColor.m in Sources */,
				2715F0E4187F0EEA0068BDC0 /* UIDevice+BlurEnabled.m in Sources */,
				2715F0E7187F0F060068BDC0 /* BESupport.m in Sources */,
				2715F0BD187F0E800068BDC0 /* BEAppDelegate.m in Sources */,
			);
			runOnlyForDeploymentPostprocessing = 0;
		};
		2715F0C6187F0E800068BDC0 /* Sources */ = {
			isa = PBXSourcesBuildPhase;
			buildActionMask = 2147483647;
			files = (
				2715F0D8187F0E800068BDC0 /* UIDevice_BlurEnabledTests.m in Sources */,
			);
			runOnlyForDeploymentPostprocessing = 0;
		};
/* End PBXSourcesBuildPhase section */

/* Begin PBXTargetDependency section */
		2715F0D0187F0E800068BDC0 /* PBXTargetDependency */ = {
			isa = PBXTargetDependency;
			target = 2715F0A8187F0E800068BDC0 /* UIDevice-BlurEnabled */;
			targetProxy = 2715F0CF187F0E800068BDC0 /* PBXContainerItemProxy */;
		};
/* End PBXTargetDependency section */

/* Begin PBXVariantGroup section */
		2715F0B5187F0E800068BDC0 /* InfoPlist.strings */ = {
			isa = PBXVariantGroup;
			children = (
				2715F0B6187F0E800068BDC0 /* en */,
			);
			name = InfoPlist.strings;
			sourceTree = "<group>";
		};
		2715F0BE187F0E800068BDC0 /* Main.storyboard */ = {
			isa = PBXVariantGroup;
			children = (
				2715F0BF187F0E800068BDC0 /* Base */,
			);
			name = Main.storyboard;
			sourceTree = "<group>";
		};
		2715F0D4187F0E800068BDC0 /* InfoPlist.strings */ = {
			isa = PBXVariantGroup;
			children = (
				2715F0D5187F0E800068BDC0 /* en */,
			);
			name = InfoPlist.strings;
			sourceTree = "<group>";
		};
/* End PBXVariantGroup section */

/* Begin XCBuildConfiguration section */
		2715F0D9187F0E800068BDC0 /* Debug */ = {
			isa = XCBuildConfiguration;
			buildSettings = {
				ALWAYS_SEARCH_USER_PATHS = NO;
				ARCHS = "$(ARCHS_STANDARD_INCLUDING_64_BIT)";
				CLANG_CXX_LANGUAGE_STANDARD = "gnu++0x";
				CLANG_CXX_LIBRARY = "libc++";
				CLANG_ENABLE_MODULES = YES;
				CLANG_ENABLE_OBJC_ARC = YES;
				CLANG_WARN_BOOL_CONVERSION = YES;
				CLANG_WARN_CONSTANT_CONVERSION = YES;
				CLANG_WARN_DIRECT_OBJC_ISA_USAGE = YES_ERROR;
				CLANG_WARN_EMPTY_BODY = YES;
				CLANG_WARN_ENUM_CONVERSION = YES;
				CLANG_WARN_INT_CONVERSION = YES;
				CLANG_WARN_OBJC_ROOT_CLASS = YES_ERROR;
				CLANG_WARN__DUPLICATE_METHOD_MATCH = YES;
				"CODE_SIGN_IDENTITY[sdk=iphoneos*]" = "iPhone Developer";
				COPY_PHASE_STRIP = NO;
				GCC_C_LANGUAGE_STANDARD = gnu99;
				GCC_DYNAMIC_NO_PIC = NO;
				GCC_OPTIMIZATION_LEVEL = 0;
				GCC_PREPROCESSOR_DEFINITIONS = (
					"DEBUG=1",
					"$(inherited)",
				);
				GCC_SYMBOLS_PRIVATE_EXTERN = NO;
				GCC_WARN_64_TO_32_BIT_CONVERSION = YES;
				GCC_WARN_ABOUT_RETURN_TYPE = YES_ERROR;
				GCC_WARN_UNDECLARED_SELECTOR = YES;
				GCC_WARN_UNINITIALIZED_AUTOS = YES;
				GCC_WARN_UNUSED_FUNCTION = YES;
				GCC_WARN_UNUSED_VARIABLE = YES;
				IPHONEOS_DEPLOYMENT_TARGET = 7.0;
				ONLY_ACTIVE_ARCH = YES;
				SDKROOT = iphoneos;
			};
			name = Debug;
		};
		2715F0DA187F0E800068BDC0 /* Release */ = {
			isa = XCBuildConfiguration;
			buildSettings = {
				ALWAYS_SEARCH_USER_PATHS = NO;
				ARCHS = "$(ARCHS_STANDARD_INCLUDING_64_BIT)";
				CLANG_CXX_LANGUAGE_STANDARD = "gnu++0x";
				CLANG_CXX_LIBRARY = "libc++";
				CLANG_ENABLE_MODULES = YES;
				CLANG_ENABLE_OBJC_ARC = YES;
				CLANG_WARN_BOOL_CONVERSION = YES;
				CLANG_WARN_CONSTANT_CONVERSION = YES;
				CLANG_WARN_DIRECT_OBJC_ISA_USAGE = YES_ERROR;
				CLANG_WARN_EMPTY_BODY = YES;
				CLANG_WARN_ENUM_CONVERSION = YES;
				CLANG_WARN_INT_CONVERSION = YES;
				CLANG_WARN_OBJC_ROOT_CLASS = YES_ERROR;
				CLANG_WARN__DUPLICATE_METHOD_MATCH = YES;
				"CODE_SIGN_IDENTITY[sdk=iphoneos*]" = "iPhone Developer";
				COPY_PHASE_STRIP = YES;
				ENABLE_NS_ASSERTIONS = NO;
				GCC_C_LANGUAGE_STANDARD = gnu99;
				GCC_WARN_64_TO_32_BIT_CONVERSION = YES;
				GCC_WARN_ABOUT_RETURN_TYPE = YES_ERROR;
				GCC_WARN_UNDECLARED_SELECTOR = YES;
				GCC_WARN_UNINITIALIZED_AUTOS = YES;
				GCC_WARN_UNUSED_FUNCTION = YES;
				GCC_WARN_UNUSED_VARIABLE = YES;
				IPHONEOS_DEPLOYMENT_TARGET = 7.0;
				SDKROOT = iphoneos;
				VALIDATE_PRODUCT = YES;
			};
			name = Release;
		};
		2715F0DC187F0E800068BDC0 /* Debug */ = {
			isa = XCBuildConfiguration;
			baseConfigurationReference = 7003B90AA2074E6FB6C91720 /* Pods.xcconfig */;
			buildSettings = {
				ASSETCATALOG_COMPILER_APPICON_NAME = AppIcon;
				ASSETCATALOG_COMPILER_LAUNCHIMAGE_NAME = LaunchImage;
				GCC_PRECOMPILE_PREFIX_HEADER = YES;
				GCC_PREFIX_HEADER = "UIDevice-BlurEnabled/UIDevice-BlurEnabled-Prefix.pch";
				INFOPLIST_FILE = "UIDevice-BlurEnabled/UIDevice-BlurEnabled-Info.plist";
				PRODUCT_NAME = "$(TARGET_NAME)";
				WRAPPER_EXTENSION = app;
			};
			name = Debug;
		};
		2715F0DD187F0E800068BDC0 /* Release */ = {
			isa = XCBuildConfiguration;
			baseConfigurationReference = 7003B90AA2074E6FB6C91720 /* Pods.xcconfig */;
			buildSettings = {
				ASSETCATALOG_COMPILER_APPICON_NAME = AppIcon;
				ASSETCATALOG_COMPILER_LAUNCHIMAGE_NAME = LaunchImage;
				GCC_PRECOMPILE_PREFIX_HEADER = YES;
				GCC_PREFIX_HEADER = "UIDevice-BlurEnabled/UIDevice-BlurEnabled-Prefix.pch";
				INFOPLIST_FILE = "UIDevice-BlurEnabled/UIDevice-BlurEnabled-Info.plist";
				PRODUCT_NAME = "$(TARGET_NAME)";
				WRAPPER_EXTENSION = app;
			};
			name = Release;
		};
		2715F0DF187F0E800068BDC0 /* Debug */ = {
			isa = XCBuildConfiguration;
			buildSettings = {
				ARCHS = "$(ARCHS_STANDARD_INCLUDING_64_BIT)";
				BUNDLE_LOADER = "$(BUILT_PRODUCTS_DIR)/UIDevice-BlurEnabled.app/UIDevice-BlurEnabled";
				FRAMEWORK_SEARCH_PATHS = (
					"$(SDKROOT)/Developer/Library/Frameworks",
					"$(inherited)",
					"$(DEVELOPER_FRAMEWORKS_DIR)",
				);
				GCC_PRECOMPILE_PREFIX_HEADER = YES;
				GCC_PREFIX_HEADER = "UIDevice-BlurEnabled/UIDevice-BlurEnabled-Prefix.pch";
				GCC_PREPROCESSOR_DEFINITIONS = (
					"DEBUG=1",
					"$(inherited)",
				);
				INFOPLIST_FILE = "UIDevice-BlurEnabledTests/UIDevice-BlurEnabledTests-Info.plist";
				PRODUCT_NAME = "$(TARGET_NAME)";
				TEST_HOST = "$(BUNDLE_LOADER)";
				WRAPPER_EXTENSION = xctest;
			};
			name = Debug;
		};
		2715F0E0187F0E800068BDC0 /* Release */ = {
			isa = XCBuildConfiguration;
			buildSettings = {
				ARCHS = "$(ARCHS_STANDARD_INCLUDING_64_BIT)";
				BUNDLE_LOADER = "$(BUILT_PRODUCTS_DIR)/UIDevice-BlurEnabled.app/UIDevice-BlurEnabled";
				FRAMEWORK_SEARCH_PATHS = (
					"$(SDKROOT)/Developer/Library/Frameworks",
					"$(inherited)",
					"$(DEVELOPER_FRAMEWORKS_DIR)",
				);
				GCC_PRECOMPILE_PREFIX_HEADER = YES;
				GCC_PREFIX_HEADER = "UIDevice-BlurEnabled/UIDevice-BlurEnabled-Prefix.pch";
				INFOPLIST_FILE = "UIDevice-BlurEnabledTests/UIDevice-BlurEnabledTests-Info.plist";
				PRODUCT_NAME = "$(TARGET_NAME)";
				TEST_HOST = "$(BUNDLE_LOADER)";
				WRAPPER_EXTENSION = xctest;
			};
			name = Release;
		};
/* End XCBuildConfiguration section */

/* Begin XCConfigurationList section */
		2715F0A4187F0E800068BDC0 /* Build configuration list for PBXProject "UIDevice-BlurEnabled" */ = {
			isa = XCConfigurationList;
			buildConfigurations = (
				2715F0D9187F0E800068BDC0 /* Debug */,
				2715F0DA187F0E800068BDC0 /* Release */,
			);
			defaultConfigurationIsVisible = 0;
			defaultConfigurationName = Release;
		};
		2715F0DB187F0E800068BDC0 /* Build configuration list for PBXNativeTarget "UIDevice-BlurEnabled" */ = {
			isa = XCConfigurationList;
			buildConfigurations = (
				2715F0DC187F0E800068BDC0 /* Debug */,
				2715F0DD187F0E800068BDC0 /* Release */,
			);
			defaultConfigurationIsVisible = 0;
			defaultConfigurationName = Release;
		};
		2715F0DE187F0E800068BDC0 /* Build configuration list for PBXNativeTarget "UIDevice-BlurEnabledTests" */ = {
			isa = XCConfigurationList;
			buildConfigurations = (
				2715F0DF187F0E800068BDC0 /* Debug */,
				2715F0E0187F0E800068BDC0 /* Release */,
			);
			defaultConfigurationIsVisible = 0;
			defaultConfigurationName = Release;
		};
/* End XCConfigurationList section */
	};
	rootObject = 2715F0A1187F0E800068BDC0 /* Project object */;
}
